
Microsoft Visual Studio Solution File, Format Version 12.00
# Visual Studio Version 17
VisualStudioVersion = 17.3.32825.248
MinimumVisualStudioVersion = 10.0.40219.1
Project("{FAE04EC0-301F-11D3-BF4B-00C04F79EFBC}") = "Musicapp", "Musicapp\Musicapp.csproj", "{021D9E9D-52D0-4336-8F20-2CD4831B250D}"
EndProject
Global
	GlobalSection(SolutionConfigurationPlatforms) = preSolution
		Debug|Any CPU = Debug|Any CPU
		Release|Any CPU = Release|Any CPU
	EndGlobalSection
	GlobalSection(ProjectConfigurationPlatforms) = postSolution
		{021D9E9D-52D0-4336-8F20-2CD4831B250D}.Debug|Any CPU.ActiveCfg = Debug|Any CPU
		{021D9E9D-52D0-4336-8F20-2CD4831B250D}.Debug|Any CPU.Build.0 = Debug|Any CPU
		{021D9E9D-52D0-4336-8F20-2CD4831B250D}.Release|Any CPU.ActiveCfg = Release|Any CPU
		{021D9E9D-52D0-4336-8F20-2CD4831B250D}.Release|Any CPU.Build.0 = Release|Any CPU
	EndGlobalSection
	GlobalSection(SolutionProperties) = preSolution
		HideSolutionNode = FALSE
	EndGlobalSection
	GlobalSection(ExtensibilityGlobals) = postSolution
		SolutionGuid = {F2093699-7A81-421C-9D62-748A41CD4658}
	EndGlobalSection
EndGlobal
