
Microsoft Visual Studio Solution File, Format Version 12.00
# Visual Studio Version 17
VisualStudioVersion = 17.3.32825.248
MinimumVisualStudioVersion = 10.0.40219.1
Project("{FAE04EC0-301F-11D3-BF4B-00C04F79EFBC}") = "Minigames1", "Minigames1\Minigames1.csproj", "{21ABA376-0618-4D79-9431-AB5C44D52507}"
EndProject
Global
	GlobalSection(SolutionConfigurationPlatforms) = preSolution
		Debug|Any CPU = Debug|Any CPU
		Release|Any CPU = Release|Any CPU
	EndGlobalSection
	GlobalSection(ProjectConfigurationPlatforms) = postSolution
		{21ABA376-0618-4D79-9431-AB5C44D52507}.Debug|Any CPU.ActiveCfg = Debug|Any CPU
		{21ABA376-0618-4D79-9431-AB5C44D52507}.Debug|Any CPU.Build.0 = Debug|Any CPU
		{21ABA376-0618-4D79-9431-AB5C44D52507}.Release|Any CPU.ActiveCfg = Release|Any CPU
		{21ABA376-0618-4D79-9431-AB5C44D52507}.Release|Any CPU.Build.0 = Release|Any CPU
	EndGlobalSection
	GlobalSection(SolutionProperties) = preSolution
		HideSolutionNode = FALSE
	EndGlobalSection
	GlobalSection(ExtensibilityGlobals) = postSolution
		SolutionGuid = {D6A02E4C-7507-47B4-9356-FAD450DAEA4A}
	EndGlobalSection
EndGlobal
